
Microsoft Visual Studio Solution File, Format Version 12.00
# Visual Studio Version 17
VisualStudioVersion = 17.0.31903.59
MinimumVisualStudioVersion = 10.0.40219.1
Project("{2150E333-8FDC-42A3-9474-1A3956D46DE8}") = "src", "src", "{827E0CD3-B72D-47B6-A68D-7590B98EB39B}"
EndProject
Project("{2150E333-8FDC-42A3-9474-1A3956D46DE8}") = "Services", "Services", "{984BB9B3-3FA3-BE33-9484-CAC21695A33C}"
EndProject
Project("{2150E333-8FDC-42A3-9474-1A3956D46DE8}") = "InvoiceService", "InvoiceService", "{CF53C8D1-A460-EA07-7740-4167009C2A6B}"
EndProject
Project("{FAE04EC0-301F-11D3-BF4B-00C04F79EFBC}") = "InvoiceService.Domain", "src\Services\InvoiceService\InvoiceService.Domain\InvoiceService.Domain.csproj", "{56A23D9E-AC11-4058-963A-9FE84DE48861}"
EndProject
Project("{FAE04EC0-301F-11D3-BF4B-00C04F79EFBC}") = "InvoiceService.Application", "src\Services\InvoiceService\InvoiceService.Application\InvoiceService.Application.csproj", "{3D2758AA-C439-4089-ABFC-BA79CC920A65}"
EndProject
Project("{FAE04EC0-301F-11D3-BF4B-00C04F79EFBC}") = "InvoiceService.Infrastructure", "src\Services\InvoiceService\InvoiceService.Infrastructure\InvoiceService.Infrastructure.csproj", "{F835F54B-9D1B-4BAD-96E3-E79EE8446632}"
EndProject
Project("{FAE04EC0-301F-11D3-BF4B-00C04F79EFBC}") = "InvoiceService.Api", "src\Services\InvoiceService\InvoiceService.Api\InvoiceService.Api.csproj", "{E23F6E42-2B04-46FE-927A-92A3DFC5C010}"
EndProject
Project("{FAE04EC0-301F-11D3-BF4B-00C04F79EFBC}") = "FinancialService.Domain", "src\Services\FinancialService\FinancialService.Domain\FinancialService.Domain.csproj", "{46105351-5C13-4122-A587-2D58636D564E}"
EndProject
Project("{FAE04EC0-301F-11D3-BF4B-00C04F79EFBC}") = "FinancialService.Application", "src\Services\FinancialService\FinancialService.Application\FinancialService.Application.csproj", "{D395F793-0F1F-4A31-AD51-FC9756874266}"
EndProject
Project("{FAE04EC0-301F-11D3-BF4B-00C04F79EFBC}") = "FinancialService.Infrastructure", "src\Services\FinancialService\FinancialService.Infrastructure\FinancialService.Infrastructure.csproj", "{B6CF0AA4-3F2F-48FB-BE0C-92C27EF24999}"
EndProject
Project("{FAE04EC0-301F-11D3-BF4B-00C04F79EFBC}") = "FinancialService.Api", "src\Services\FinancialService\FinancialService.Api\FinancialService.Api.csproj", "{57D04E85-4742-43AF-88F7-6182CCB707CC}"
EndProject
Project("{FAE04EC0-301F-11D3-BF4B-00C04F79EFBC}") = "AccountingService.Domain", "src\Services\AccountingService\AccountingService.Domain\AccountingService.Domain.csproj", "{81236559-06B3-4419-8A96-CF448ECE2178}"
EndProject
Project("{FAE04EC0-301F-11D3-BF4B-00C04F79EFBC}") = "AccountingService.Application", "src\Services\AccountingService\AccountingService.Application\AccountingService.Application.csproj", "{E30AD285-9B53-4277-9B2C-FADD61C0A5AF}"
EndProject
Project("{FAE04EC0-301F-11D3-BF4B-00C04F79EFBC}") = "AccountingService.Infrastructure", "src\Services\AccountingService\AccountingService.Infrastructure\AccountingService.Infrastructure.csproj", "{3FE24004-64E8-4158-BD35-C3D20CA34C09}"
EndProject
Project("{FAE04EC0-301F-11D3-BF4B-00C04F79EFBC}") = "AccountingService.Api", "src\Services\AccountingService\AccountingService.Api\AccountingService.Api.csproj", "{74E9A392-5B6F-4E22-8BBF-874EC320A353}"
EndProject
Project("{FAE04EC0-301F-11D3-BF4B-00C04F79EFBC}") = "SagaOrchestrator.Domain", "src\Services\SagaOrchestrator\SagaOrchestrator.Domain\SagaOrchestrator.Domain.csproj", "{788BC1D6-F875-4752-91D4-673B77FF1501}"
EndProject
Project("{FAE04EC0-301F-11D3-BF4B-00C04F79EFBC}") = "SagaOrchestrator.Application", "src\Services\SagaOrchestrator\SagaOrchestrator.Application\SagaOrchestrator.Application.csproj", "{A8D2E357-1988-4BF0-BD87-2E960A15F592}"
EndProject
Project("{FAE04EC0-301F-11D3-BF4B-00C04F79EFBC}") = "SagaOrchestrator.Infrastructure", "src\Services\SagaOrchestrator\SagaOrchestrator.Infrastructure\SagaOrchestrator.Infrastructure.csproj", "{6AC896DD-691F-4583-89C8-F08A3AEA65FC}"
EndProject
Project("{FAE04EC0-301F-11D3-BF4B-00C04F79EFBC}") = "SagaOrchestrator.Worker", "src\Services\SagaOrchestrator\SagaOrchestrator.Worker\SagaOrchestrator.Worker.csproj", "{CB7F7262-273F-48AC-9850-801E113C98C4}"
EndProject
Project("{FAE04EC0-301F-11D3-BF4B-00C04F79EFBC}") = "Shared.Kernel", "src\Shared\Shared.Kernel\Shared.Kernel.csproj", "{65FF3ED1-9A6D-4DA4-B002-54CD90B04C72}"
EndProject
Project("{FAE04EC0-301F-11D3-BF4B-00C04F79EFBC}") = "Shared.Messaging", "src\Shared\Shared.Messaging\Shared.Messaging.csproj", "{115DF1DE-62B5-481C-943B-4D58255E266B}"
EndProject
Project("{FAE04EC0-301F-11D3-BF4B-00C04F79EFBC}") = "Shared.Tracing", "src\Shared\Shared.Tracing\Shared.Tracing.csproj", "{39B694BA-1143-4649-850D-F9426BBC7E18}"
EndProject
Project("{FAE04EC0-301F-11D3-BF4B-00C04F79EFBC}") = "Shared.Idempotency", "src\Shared\Shared.Idempotency\Shared.Idempotency.csproj", "{5D619A9E-9726-4282-9838-A4AF74F8BB97}"
EndProject
Project("{FAE04EC0-301F-11D3-BF4B-00C04F79EFBC}") = "InvoiceService.UnitTests", "tests\InvoiceService.UnitTests\InvoiceService.UnitTests.csproj", "{66F75922-56BB-417A-B089-3BFF2FC825B8}"
EndProject
Project("{FAE04EC0-301F-11D3-BF4B-00C04F79EFBC}") = "InvoiceService.IntegrationTests", "tests\InvoiceService.IntegrationTests\InvoiceService.IntegrationTests.csproj", "{6DE15B52-F47B-4A74-A362-0E23844D3B1A}"
EndProject
Project("{FAE04EC0-301F-11D3-BF4B-00C04F79EFBC}") = "SagaOrchestrator.Tests", "tests\SagaOrchestrator.Tests\SagaOrchestrator.Tests.csproj", "{891416D2-0080-4997-82DA-AF69C439C95E}"
EndProject
Global
	GlobalSection(SolutionConfigurationPlatforms) = preSolution
		Debug|Any CPU = Debug|Any CPU
		Debug|x64 = Debug|x64
		Debug|x86 = Debug|x86
		Release|Any CPU = Release|Any CPU
		Release|x64 = Release|x64
		Release|x86 = Release|x86
	EndGlobalSection
	GlobalSection(ProjectConfigurationPlatforms) = postSolution
		{56A23D9E-AC11-4058-963A-9FE84DE48861}.Debug|Any CPU.ActiveCfg = Debug|Any CPU
		{56A23D9E-AC11-4058-963A-9FE84DE48861}.Debug|Any CPU.Build.0 = Debug|Any CPU
		{56A23D9E-AC11-4058-963A-9FE84DE48861}.Debug|x64.ActiveCfg = Debug|Any CPU
		{56A23D9E-AC11-4058-963A-9FE84DE48861}.Debug|x64.Build.0 = Debug|Any CPU
		{56A23D9E-AC11-4058-963A-9FE84DE48861}.Debug|x86.ActiveCfg = Debug|Any CPU
		{56A23D9E-AC11-4058-963A-9FE84DE48861}.Debug|x86.Build.0 = Debug|Any CPU
		{56A23D9E-AC11-4058-963A-9FE84DE48861}.Release|Any CPU.ActiveCfg = Release|Any CPU
		{56A23D9E-AC11-4058-963A-9FE84DE48861}.Release|Any CPU.Build.0 = Release|Any CPU
		{56A23D9E-AC11-4058-963A-9FE84DE48861}.Release|x64.ActiveCfg = Release|Any CPU
		{56A23D9E-AC11-4058-963A-9FE84DE48861}.Release|x64.Build.0 = Release|Any CPU
		{56A23D9E-AC11-4058-963A-9FE84DE48861}.Release|x86.ActiveCfg = Release|Any CPU
		{56A23D9E-AC11-4058-963A-9FE84DE48861}.Release|x86.Build.0 = Release|Any CPU
		{3D2758AA-C439-4089-ABFC-BA79CC920A65}.Debug|Any CPU.ActiveCfg = Debug|Any CPU
		{3D2758AA-C439-4089-ABFC-BA79CC920A65}.Debug|Any CPU.Build.0 = Debug|Any CPU
		{3D2758AA-C439-4089-ABFC-BA79CC920A65}.Debug|x64.ActiveCfg = Debug|Any CPU
		{3D2758AA-C439-4089-ABFC-BA79CC920A65}.Debug|x64.Build.0 = Debug|Any CPU
		{3D2758AA-C439-4089-ABFC-BA79CC920A65}.Debug|x86.ActiveCfg = Debug|Any CPU
		{3D2758AA-C439-4089-ABFC-BA79CC920A65}.Debug|x86.Build.0 = Debug|Any CPU
		{3D2758AA-C439-4089-ABFC-BA79CC920A65}.Release|Any CPU.ActiveCfg = Release|Any CPU
		{3D2758AA-C439-4089-ABFC-BA79CC920A65}.Release|Any CPU.Build.0 = Release|Any CPU
		{3D2758AA-C439-4089-ABFC-BA79CC920A65}.Release|x64.ActiveCfg = Release|Any CPU
		{3D2758AA-C439-4089-ABFC-BA79CC920A65}.Release|x64.Build.0 = Release|Any CPU
		{3D2758AA-C439-4089-ABFC-BA79CC920A65}.Release|x86.ActiveCfg = Release|Any CPU
		{3D2758AA-C439-4089-ABFC-BA79CC920A65}.Release|x86.Build.0 = Release|Any CPU
		{F835F54B-9D1B-4BAD-96E3-E79EE8446632}.Debug|Any CPU.ActiveCfg = Debug|Any CPU
		{F835F54B-9D1B-4BAD-96E3-E79EE8446632}.Debug|Any CPU.Build.0 = Debug|Any CPU
		{F835F54B-9D1B-4BAD-96E3-E79EE8446632}.Debug|x64.ActiveCfg = Debug|Any CPU
		{F835F54B-9D1B-4BAD-96E3-E79EE8446632}.Debug|x64.Build.0 = Debug|Any CPU
		{F835F54B-9D1B-4BAD-96E3-E79EE8446632}.Debug|x86.ActiveCfg = Debug|Any CPU
		{F835F54B-9D1B-4BAD-96E3-E79EE8446632}.Debug|x86.Build.0 = Debug|Any CPU
		{F835F54B-9D1B-4BAD-96E3-E79EE8446632}.Release|Any CPU.ActiveCfg = Release|Any CPU
		{F835F54B-9D1B-4BAD-96E3-E79EE8446632}.Release|Any CPU.Build.0 = Release|Any CPU
		{F835F54B-9D1B-4BAD-96E3-E79EE8446632}.Release|x64.ActiveCfg = Release|Any CPU
		{F835F54B-9D1B-4BAD-96E3-E79EE8446632}.Release|x64.Build.0 = Release|Any CPU
		{F835F54B-9D1B-4BAD-96E3-E79EE8446632}.Release|x86.ActiveCfg = Release|Any CPU
		{F835F54B-9D1B-4BAD-96E3-E79EE8446632}.Release|x86.Build.0 = Release|Any CPU
		{E23F6E42-2B04-46FE-927A-92A3DFC5C010}.Debug|Any CPU.ActiveCfg = Debug|Any CPU
		{E23F6E42-2B04-46FE-927A-92A3DFC5C010}.Debug|Any CPU.Build.0 = Debug|Any CPU
		{E23F6E42-2B04-46FE-927A-92A3DFC5C010}.Debug|x64.ActiveCfg = Debug|Any CPU
		{E23F6E42-2B04-46FE-927A-92A3DFC5C010}.Debug|x64.Build.0 = Debug|Any CPU
		{E23F6E42-2B04-46FE-927A-92A3DFC5C010}.Debug|x86.ActiveCfg = Debug|Any CPU
		{E23F6E42-2B04-46FE-927A-92A3DFC5C010}.Debug|x86.Build.0 = Debug|Any CPU
		{E23F6E42-2B04-46FE-927A-92A3DFC5C010}.Release|Any CPU.ActiveCfg = Release|Any CPU
		{E23F6E42-2B04-46FE-927A-92A3DFC5C010}.Release|Any CPU.Build.0 = Release|Any CPU
		{E23F6E42-2B04-46FE-927A-92A3DFC5C010}.Release|x64.ActiveCfg = Release|Any CPU
		{E23F6E42-2B04-46FE-927A-92A3DFC5C010}.Release|x64.Build.0 = Release|Any CPU
		{E23F6E42-2B04-46FE-927A-92A3DFC5C010}.Release|x86.ActiveCfg = Release|Any CPU
		{E23F6E42-2B04-46FE-927A-92A3DFC5C010}.Release|x86.Build.0 = Release|Any CPU
		{46105351-5C13-4122-A587-2D58636D564E}.Debug|Any CPU.ActiveCfg = Debug|Any CPU
		{46105351-5C13-4122-A587-2D58636D564E}.Debug|Any CPU.Build.0 = Debug|Any CPU
		{46105351-5C13-4122-A587-2D58636D564E}.Debug|x64.ActiveCfg = Debug|Any CPU
		{46105351-5C13-4122-A587-2D58636D564E}.Debug|x64.Build.0 = Debug|Any CPU
		{46105351-5C13-4122-A587-2D58636D564E}.Debug|x86.ActiveCfg = Debug|Any CPU
		{46105351-5C13-4122-A587-2D58636D564E}.Debug|x86.Build.0 = Debug|Any CPU
		{46105351-5C13-4122-A587-2D58636D564E}.Release|Any CPU.ActiveCfg = Release|Any CPU
		{46105351-5C13-4122-A587-2D58636D564E}.Release|Any CPU.Build.0 = Release|Any CPU
		{46105351-5C13-4122-A587-2D58636D564E}.Release|x64.ActiveCfg = Release|Any CPU
		{46105351-5C13-4122-A587-2D58636D564E}.Release|x64.Build.0 = Release|Any CPU
		{46105351-5C13-4122-A587-2D58636D564E}.Release|x86.ActiveCfg = Release|Any CPU
		{46105351-5C13-4122-A587-2D58636D564E}.Release|x86.Build.0 = Release|Any CPU
		{D395F793-0F1F-4A31-AD51-FC9756874266}.Debug|Any CPU.ActiveCfg = Debug|Any CPU
		{D395F793-0F1F-4A31-AD51-FC9756874266}.Debug|Any CPU.Build.0 = Debug|Any CPU
		{D395F793-0F1F-4A31-AD51-FC9756874266}.Debug|x64.ActiveCfg = Debug|Any CPU
		{D395F793-0F1F-4A31-AD51-FC9756874266}.Debug|x64.Build.0 = Debug|Any CPU
		{D395F793-0F1F-4A31-AD51-FC9756874266}.Debug|x86.ActiveCfg = Debug|Any CPU
		{D395F793-0F1F-4A31-AD51-FC9756874266}.Debug|x86.Build.0 = Debug|Any CPU
		{D395F793-0F1F-4A31-AD51-FC9756874266}.Release|Any CPU.ActiveCfg = Release|Any CPU
		{D395F793-0F1F-4A31-AD51-FC9756874266}.Release|Any CPU.Build.0 = Release|Any CPU
		{D395F793-0F1F-4A31-AD51-FC9756874266}.Release|x64.ActiveCfg = Release|Any CPU
		{D395F793-0F1F-4A31-AD51-FC9756874266}.Release|x64.Build.0 = Release|Any CPU
		{D395F793-0F1F-4A31-AD51-FC9756874266}.Release|x86.ActiveCfg = Release|Any CPU
		{D395F793-0F1F-4A31-AD51-FC9756874266}.Release|x86.Build.0 = Release|Any CPU
		{B6CF0AA4-3F2F-48FB-BE0C-92C27EF24999}.Debug|Any CPU.ActiveCfg = Debug|Any CPU
		{B6CF0AA4-3F2F-48FB-BE0C-92C27EF24999}.Debug|Any CPU.Build.0 = Debug|Any CPU
		{B6CF0AA4-3F2F-48FB-BE0C-92C27EF24999}.Debug|x64.ActiveCfg = Debug|Any CPU
		{B6CF0AA4-3F2F-48FB-BE0C-92C27EF24999}.Debug|x64.Build.0 = Debug|Any CPU
		{B6CF0AA4-3F2F-48FB-BE0C-92C27EF24999}.Debug|x86.ActiveCfg = Debug|Any CPU
		{B6CF0AA4-3F2F-48FB-BE0C-92C27EF24999}.Debug|x86.Build.0 = Debug|Any CPU
		{B6CF0AA4-3F2F-48FB-BE0C-92C27EF24999}.Release|Any CPU.ActiveCfg = Release|Any CPU
		{B6CF0AA4-3F2F-48FB-BE0C-92C27EF24999}.Release|Any CPU.Build.0 = Release|Any CPU
		{B6CF0AA4-3F2F-48FB-BE0C-92C27EF24999}.Release|x64.ActiveCfg = Release|Any CPU
		{B6CF0AA4-3F2F-48FB-BE0C-92C27EF24999}.Release|x64.Build.0 = Release|Any CPU
		{B6CF0AA4-3F2F-48FB-BE0C-92C27EF24999}.Release|x86.ActiveCfg = Release|Any CPU
		{B6CF0AA4-3F2F-48FB-BE0C-92C27EF24999}.Release|x86.Build.0 = Release|Any CPU
		{57D04E85-4742-43AF-88F7-6182CCB707CC}.Debug|Any CPU.ActiveCfg = Debug|Any CPU
		{57D04E85-4742-43AF-88F7-6182CCB707CC}.Debug|Any CPU.Build.0 = Debug|Any CPU
		{57D04E85-4742-43AF-88F7-6182CCB707CC}.Debug|x64.ActiveCfg = Debug|Any CPU
		{57D04E85-4742-43AF-88F7-6182CCB707CC}.Debug|x64.Build.0 = Debug|Any CPU
		{57D04E85-4742-43AF-88F7-6182CCB707CC}.Debug|x86.ActiveCfg = Debug|Any CPU
		{57D04E85-4742-43AF-88F7-6182CCB707CC}.Debug|x86.Build.0 = Debug|Any CPU
		{57D04E85-4742-43AF-88F7-6182CCB707CC}.Release|Any CPU.ActiveCfg = Release|Any CPU
		{57D04E85-4742-43AF-88F7-6182CCB707CC}.Release|Any CPU.Build.0 = Release|Any CPU
		{57D04E85-4742-43AF-88F7-6182CCB707CC}.Release|x64.ActiveCfg = Release|Any CPU
		{57D04E85-4742-43AF-88F7-6182CCB707CC}.Release|x64.Build.0 = Release|Any CPU
		{57D04E85-4742-43AF-88F7-6182CCB707CC}.Release|x86.ActiveCfg = Release|Any CPU
		{57D04E85-4742-43AF-88F7-6182CCB707CC}.Release|x86.Build.0 = Release|Any CPU
		{81236559-06B3-4419-8A96-CF448ECE2178}.Debug|Any CPU.ActiveCfg = Debug|Any CPU
		{81236559-06B3-4419-8A96-CF448ECE2178}.Debug|Any CPU.Build.0 = Debug|Any CPU
		{81236559-06B3-4419-8A96-CF448ECE2178}.Debug|x64.ActiveCfg = Debug|Any CPU
		{81236559-06B3-4419-8A96-CF448ECE2178}.Debug|x64.Build.0 = Debug|Any CPU
		{81236559-06B3-4419-8A96-CF448ECE2178}.Debug|x86.ActiveCfg = Debug|Any CPU
		{81236559-06B3-4419-8A96-CF448ECE2178}.Debug|x86.Build.0 = Debug|Any CPU
		{81236559-06B3-4419-8A96-CF448ECE2178}.Release|Any CPU.ActiveCfg = Release|Any CPU
		{81236559-06B3-4419-8A96-CF448ECE2178}.Release|Any CPU.Build.0 = Release|Any CPU
		{81236559-06B3-4419-8A96-CF448ECE2178}.Release|x64.ActiveCfg = Release|Any CPU
		{81236559-06B3-4419-8A96-CF448ECE2178}.Release|x64.Build.0 = Release|Any CPU
		{81236559-06B3-4419-8A96-CF448ECE2178}.Release|x86.ActiveCfg = Release|Any CPU
		{81236559-06B3-4419-8A96-CF448ECE2178}.Release|x86.Build.0 = Release|Any CPU
		{E30AD285-9B53-4277-9B2C-FADD61C0A5AF}.Debug|Any CPU.ActiveCfg = Debug|Any CPU
		{E30AD285-9B53-4277-9B2C-FADD61C0A5AF}.Debug|Any CPU.Build.0 = Debug|Any CPU
		{E30AD285-9B53-4277-9B2C-FADD61C0A5AF}.Debug|x64.ActiveCfg = Debug|Any CPU
		{E30AD285-9B53-4277-9B2C-FADD61C0A5AF}.Debug|x64.Build.0 = Debug|Any CPU
		{E30AD285-9B53-4277-9B2C-FADD61C0A5AF}.Debug|x86.ActiveCfg = Debug|Any CPU
		{E30AD285-9B53-4277-9B2C-FADD61C0A5AF}.Debug|x86.Build.0 = Debug|Any CPU
		{E30AD285-9B53-4277-9B2C-FADD61C0A5AF}.Release|Any CPU.ActiveCfg = Release|Any CPU
		{E30AD285-9B53-4277-9B2C-FADD61C0A5AF}.Release|Any CPU.Build.0 = Release|Any CPU
		{E30AD285-9B53-4277-9B2C-FADD61C0A5AF}.Release|x64.ActiveCfg = Release|Any CPU
		{E30AD285-9B53-4277-9B2C-FADD61C0A5AF}.Release|x64.Build.0 = Release|Any CPU
		{E30AD285-9B53-4277-9B2C-FADD61C0A5AF}.Release|x86.ActiveCfg = Release|Any CPU
		{E30AD285-9B53-4277-9B2C-FADD61C0A5AF}.Release|x86.Build.0 = Release|Any CPU
		{3FE24004-64E8-4158-BD35-C3D20CA34C09}.Debug|Any CPU.ActiveCfg = Debug|Any CPU
		{3FE24004-64E8-4158-BD35-C3D20CA34C09}.Debug|Any CPU.Build.0 = Debug|Any CPU
		{3FE24004-64E8-4158-BD35-C3D20CA34C09}.Debug|x64.ActiveCfg = Debug|Any CPU
		{3FE24004-64E8-4158-BD35-C3D20CA34C09}.Debug|x64.Build.0 = Debug|Any CPU
		{3FE24004-64E8-4158-BD35-C3D20CA34C09}.Debug|x86.ActiveCfg = Debug|Any CPU
		{3FE24004-64E8-4158-BD35-C3D20CA34C09}.Debug|x86.Build.0 = Debug|Any CPU
		{3FE24004-64E8-4158-BD35-C3D20CA34C09}.Release|Any CPU.ActiveCfg = Release|Any CPU
		{3FE24004-64E8-4158-BD35-C3D20CA34C09}.Release|Any CPU.Build.0 = Release|Any CPU
		{3FE24004-64E8-4158-BD35-C3D20CA34C09}.Release|x64.ActiveCfg = Release|Any CPU
		{3FE24004-64E8-4158-BD35-C3D20CA34C09}.Release|x64.Build.0 = Release|Any CPU
		{3FE24004-64E8-4158-BD35-C3D20CA34C09}.Release|x86.ActiveCfg = Release|Any CPU
		{3FE24004-64E8-4158-BD35-C3D20CA34C09}.Release|x86.Build.0 = Release|Any CPU
		{74E9A392-5B6F-4E22-8BBF-874EC320A353}.Debug|Any CPU.ActiveCfg = Debug|Any CPU
		{74E9A392-5B6F-4E22-8BBF-874EC320A353}.Debug|Any CPU.Build.0 = Debug|Any CPU
		{74E9A392-5B6F-4E22-8BBF-874EC320A353}.Debug|x64.ActiveCfg = Debug|Any CPU
		{74E9A392-5B6F-4E22-8BBF-874EC320A353}.Debug|x64.Build.0 = Debug|Any CPU
		{74E9A392-5B6F-4E22-8BBF-874EC320A353}.Debug|x86.ActiveCfg = Debug|Any CPU
		{74E9A392-5B6F-4E22-8BBF-874EC320A353}.Debug|x86.Build.0 = Debug|Any CPU
		{74E9A392-5B6F-4E22-8BBF-874EC320A353}.Release|Any CPU.ActiveCfg = Release|Any CPU
		{74E9A392-5B6F-4E22-8BBF-874EC320A353}.Release|Any CPU.Build.0 = Release|Any CPU
		{74E9A392-5B6F-4E22-8BBF-874EC320A353}.Release|x64.ActiveCfg = Release|Any CPU
		{74E9A392-5B6F-4E22-8BBF-874EC320A353}.Release|x64.Build.0 = Release|Any CPU
		{74E9A392-5B6F-4E22-8BBF-874EC320A353}.Release|x86.ActiveCfg = Release|Any CPU
		{74E9A392-5B6F-4E22-8BBF-874EC320A353}.Release|x86.Build.0 = Release|Any CPU
		{788BC1D6-F875-4752-91D4-673B77FF1501}.Debug|Any CPU.ActiveCfg = Debug|Any CPU
		{788BC1D6-F875-4752-91D4-673B77FF1501}.Debug|Any CPU.Build.0 = Debug|Any CPU
		{788BC1D6-F875-4752-91D4-673B77FF1501}.Debug|x64.ActiveCfg = Debug|Any CPU
		{788BC1D6-F875-4752-91D4-673B77FF1501}.Debug|x64.Build.0 = Debug|Any CPU
		{788BC1D6-F875-4752-91D4-673B77FF1501}.Debug|x86.ActiveCfg = Debug|Any CPU
		{788BC1D6-F875-4752-91D4-673B77FF1501}.Debug|x86.Build.0 = Debug|Any CPU
		{788BC1D6-F875-4752-91D4-673B77FF1501}.Release|Any CPU.ActiveCfg = Release|Any CPU
		{788BC1D6-F875-4752-91D4-673B77FF1501}.Release|Any CPU.Build.0 = Release|Any CPU
		{788BC1D6-F875-4752-91D4-673B77FF1501}.Release|x64.ActiveCfg = Release|Any CPU
		{788BC1D6-F875-4752-91D4-673B77FF1501}.Release|x64.Build.0 = Release|Any CPU
		{788BC1D6-F875-4752-91D4-673B77FF1501}.Release|x86.ActiveCfg = Release|Any CPU
		{788BC1D6-F875-4752-91D4-673B77FF1501}.Release|x86.Build.0 = Release|Any CPU
		{A8D2E357-1988-4BF0-BD87-2E960A15F592}.Debug|Any CPU.ActiveCfg = Debug|Any CPU
		{A8D2E357-1988-4BF0-BD87-2E960A15F592}.Debug|Any CPU.Build.0 = Debug|Any CPU
		{A8D2E357-1988-4BF0-BD87-2E960A15F592}.Debug|x64.ActiveCfg = Debug|Any CPU
		{A8D2E357-1988-4BF0-BD87-2E960A15F592}.Debug|x64.Build.0 = Debug|Any CPU
		{A8D2E357-1988-4BF0-BD87-2E960A15F592}.Debug|x86.ActiveCfg = Debug|Any CPU
		{A8D2E357-1988-4BF0-BD87-2E960A15F592}.Debug|x86.Build.0 = Debug|Any CPU
		{A8D2E357-1988-4BF0-BD87-2E960A15F592}.Release|Any CPU.ActiveCfg = Release|Any CPU
		{A8D2E357-1988-4BF0-BD87-2E960A15F592}.Release|Any CPU.Build.0 = Release|Any CPU
		{A8D2E357-1988-4BF0-BD87-2E960A15F592}.Release|x64.ActiveCfg = Release|Any CPU
		{A8D2E357-1988-4BF0-BD87-2E960A15F592}.Release|x64.Build.0 = Release|Any CPU
		{A8D2E357-1988-4BF0-BD87-2E960A15F592}.Release|x86.ActiveCfg = Release|Any CPU
		{A8D2E357-1988-4BF0-BD87-2E960A15F592}.Release|x86.Build.0 = Release|Any CPU
		{6AC896DD-691F-4583-89C8-F08A3AEA65FC}.Debug|Any CPU.ActiveCfg = Debug|Any CPU
		{6AC896DD-691F-4583-89C8-F08A3AEA65FC}.Debug|Any CPU.Build.0 = Debug|Any CPU
		{6AC896DD-691F-4583-89C8-F08A3AEA65FC}.Debug|x64.ActiveCfg = Debug|Any CPU
		{6AC896DD-691F-4583-89C8-F08A3AEA65FC}.Debug|x64.Build.0 = Debug|Any CPU
		{6AC896DD-691F-4583-89C8-F08A3AEA65FC}.Debug|x86.ActiveCfg = Debug|Any CPU
		{6AC896DD-691F-4583-89C8-F08A3AEA65FC}.Debug|x86.Build.0 = Debug|Any CPU
		{6AC896DD-691F-4583-89C8-F08A3AEA65FC}.Release|Any CPU.ActiveCfg = Release|Any CPU
		{6AC896DD-691F-4583-89C8-F08A3AEA65FC}.Release|Any CPU.Build.0 = Release|Any CPU
		{6AC896DD-691F-4583-89C8-F08A3AEA65FC}.Release|x64.ActiveCfg = Release|Any CPU
		{6AC896DD-691F-4583-89C8-F08A3AEA65FC}.Release|x64.Build.0 = Release|Any CPU
		{6AC896DD-691F-4583-89C8-F08A3AEA65FC}.Release|x86.ActiveCfg = Release|Any CPU
		{6AC896DD-691F-4583-89C8-F08A3AEA65FC}.Release|x86.Build.0 = Release|Any CPU
		{CB7F7262-273F-48AC-9850-801E113C98C4}.Debug|Any CPU.ActiveCfg = Debug|Any CPU
		{CB7F7262-273F-48AC-9850-801E113C98C4}.Debug|Any CPU.Build.0 = Debug|Any CPU
		{CB7F7262-273F-48AC-9850-801E113C98C4}.Debug|x64.ActiveCfg = Debug|Any CPU
		{CB7F7262-273F-48AC-9850-801E113C98C4}.Debug|x64.Build.0 = Debug|Any CPU
		{CB7F7262-273F-48AC-9850-801E113C98C4}.Debug|x86.ActiveCfg = Debug|Any CPU
		{CB7F7262-273F-48AC-9850-801E113C98C4}.Debug|x86.Build.0 = Debug|Any CPU
		{CB7F7262-273F-48AC-9850-801E113C98C4}.Release|Any CPU.ActiveCfg = Release|Any CPU
		{CB7F7262-273F-48AC-9850-801E113C98C4}.Release|Any CPU.Build.0 = Release|Any CPU
		{CB7F7262-273F-48AC-9850-801E113C98C4}.Release|x64.ActiveCfg = Release|Any CPU
		{CB7F7262-273F-48AC-9850-801E113C98C4}.Release|x64.Build.0 = Release|Any CPU
		{CB7F7262-273F-48AC-9850-801E113C98C4}.Release|x86.ActiveCfg = Release|Any CPU
		{CB7F7262-273F-48AC-9850-801E113C98C4}.Release|x86.Build.0 = Release|Any CPU
		{65FF3ED1-9A6D-4DA4-B002-54CD90B04C72}.Debug|Any CPU.ActiveCfg = Debug|Any CPU
		{65FF3ED1-9A6D-4DA4-B002-54CD90B04C72}.Debug|Any CPU.Build.0 = Debug|Any CPU
		{65FF3ED1-9A6D-4DA4-B002-54CD90B04C72}.Debug|x64.ActiveCfg = Debug|Any CPU
		{65FF3ED1-9A6D-4DA4-B002-54CD90B04C72}.Debug|x64.Build.0 = Debug|Any CPU
		{65FF3ED1-9A6D-4DA4-B002-54CD90B04C72}.Debug|x86.ActiveCfg = Debug|Any CPU
		{65FF3ED1-9A6D-4DA4-B002-54CD90B04C72}.Debug|x86.Build.0 = Debug|Any CPU
		{65FF3ED1-9A6D-4DA4-B002-54CD90B04C72}.Release|Any CPU.ActiveCfg = Release|Any CPU
		{65FF3ED1-9A6D-4DA4-B002-54CD90B04C72}.Release|Any CPU.Build.0 = Release|Any CPU
		{65FF3ED1-9A6D-4DA4-B002-54CD90B04C72}.Release|x64.ActiveCfg = Release|Any CPU
		{65FF3ED1-9A6D-4DA4-B002-54CD90B04C72}.Release|x64.Build.0 = Release|Any CPU
		{65FF3ED1-9A6D-4DA4-B002-54CD90B04C72}.Release|x86.ActiveCfg = Release|Any CPU
		{65FF3ED1-9A6D-4DA4-B002-54CD90B04C72}.Release|x86.Build.0 = Release|Any CPU
		{115DF1DE-62B5-481C-943B-4D58255E266B}.Debug|Any CPU.ActiveCfg = Debug|Any CPU
		{115DF1DE-62B5-481C-943B-4D58255E266B}.Debug|Any CPU.Build.0 = Debug|Any CPU
		{115DF1DE-62B5-481C-943B-4D58255E266B}.Debug|x64.ActiveCfg = Debug|Any CPU
		{115DF1DE-62B5-481C-943B-4D58255E266B}.Debug|x64.Build.0 = Debug|Any CPU
		{115DF1DE-62B5-481C-943B-4D58255E266B}.Debug|x86.ActiveCfg = Debug|Any CPU
		{115DF1DE-62B5-481C-943B-4D58255E266B}.Debug|x86.Build.0 = Debug|Any CPU
		{115DF1DE-62B5-481C-943B-4D58255E266B}.Release|Any CPU.ActiveCfg = Release|Any CPU
		{115DF1DE-62B5-481C-943B-4D58255E266B}.Release|Any CPU.Build.0 = Release|Any CPU
		{115DF1DE-62B5-481C-943B-4D58255E266B}.Release|x64.ActiveCfg = Release|Any CPU
		{115DF1DE-62B5-481C-943B-4D58255E266B}.Release|x64.Build.0 = Release|Any CPU
		{115DF1DE-62B5-481C-943B-4D58255E266B}.Release|x86.ActiveCfg = Release|Any CPU
		{115DF1DE-62B5-481C-943B-4D58255E266B}.Release|x86.Build.0 = Release|Any CPU
		{39B694BA-1143-4649-850D-F9426BBC7E18}.Debug|Any CPU.ActiveCfg = Debug|Any CPU
		{39B694BA-1143-4649-850D-F9426BBC7E18}.Debug|Any CPU.Build.0 = Debug|Any CPU
		{39B694BA-1143-4649-850D-F9426BBC7E18}.Debug|x64.ActiveCfg = Debug|Any CPU
		{39B694BA-1143-4649-850D-F9426BBC7E18}.Debug|x64.Build.0 = Debug|Any CPU
		{39B694BA-1143-4649-850D-F9426BBC7E18}.Debug|x86.ActiveCfg = Debug|Any CPU
		{39B694BA-1143-4649-850D-F9426BBC7E18}.Debug|x86.Build.0 = Debug|Any CPU
		{39B694BA-1143-4649-850D-F9426BBC7E18}.Release|Any CPU.ActiveCfg = Release|Any CPU
		{39B694BA-1143-4649-850D-F9426BBC7E18}.Release|Any CPU.Build.0 = Release|Any CPU
		{39B694BA-1143-4649-850D-F9426BBC7E18}.Release|x64.ActiveCfg = Release|Any CPU
		{39B694BA-1143-4649-850D-F9426BBC7E18}.Release|x64.Build.0 = Release|Any CPU
		{39B694BA-1143-4649-850D-F9426BBC7E18}.Release|x86.ActiveCfg = Release|Any CPU
		{39B694BA-1143-4649-850D-F9426BBC7E18}.Release|x86.Build.0 = Release|Any CPU
		{5D619A9E-9726-4282-9838-A4AF74F8BB97}.Debug|Any CPU.ActiveCfg = Debug|Any CPU
		{5D619A9E-9726-4282-9838-A4AF74F8BB97}.Debug|Any CPU.Build.0 = Debug|Any CPU
		{5D619A9E-9726-4282-9838-A4AF74F8BB97}.Debug|x64.ActiveCfg = Debug|Any CPU
		{5D619A9E-9726-4282-9838-A4AF74F8BB97}.Debug|x64.Build.0 = Debug|Any CPU
		{5D619A9E-9726-4282-9838-A4AF74F8BB97}.Debug|x86.ActiveCfg = Debug|Any CPU
		{5D619A9E-9726-4282-9838-A4AF74F8BB97}.Debug|x86.Build.0 = Debug|Any CPU
		{5D619A9E-9726-4282-9838-A4AF74F8BB97}.Release|Any CPU.ActiveCfg = Release|Any CPU
		{5D619A9E-9726-4282-9838-A4AF74F8BB97}.Release|Any CPU.Build.0 = Release|Any CPU
		{5D619A9E-9726-4282-9838-A4AF74F8BB97}.Release|x64.ActiveCfg = Release|Any CPU
		{5D619A9E-9726-4282-9838-A4AF74F8BB97}.Release|x64.Build.0 = Release|Any CPU
		{5D619A9E-9726-4282-9838-A4AF74F8BB97}.Release|x86.ActiveCfg = Release|Any CPU
		{5D619A9E-9726-4282-9838-A4AF74F8BB97}.Release|x86.Build.0 = Release|Any CPU
		{66F75922-56BB-417A-B089-3BFF2FC825B8}.Debug|Any CPU.ActiveCfg = Debug|Any CPU
		{66F75922-56BB-417A-B089-3BFF2FC825B8}.Debug|Any CPU.Build.0 = Debug|Any CPU
		{66F75922-56BB-417A-B089-3BFF2FC825B8}.Debug|x64.ActiveCfg = Debug|Any CPU
		{66F75922-56BB-417A-B089-3BFF2FC825B8}.Debug|x64.Build.0 = Debug|Any CPU
		{66F75922-56BB-417A-B089-3BFF2FC825B8}.Debug|x86.ActiveCfg = Debug|Any CPU
		{66F75922-56BB-417A-B089-3BFF2FC825B8}.Debug|x86.Build.0 = Debug|Any CPU
		{66F75922-56BB-417A-B089-3BFF2FC825B8}.Release|Any CPU.ActiveCfg = Release|Any CPU
		{66F75922-56BB-417A-B089-3BFF2FC825B8}.Release|Any CPU.Build.0 = Release|Any CPU
		{66F75922-56BB-417A-B089-3BFF2FC825B8}.Release|x64.ActiveCfg = Release|Any CPU
		{66F75922-56BB-417A-B089-3BFF2FC825B8}.Release|x64.Build.0 = Release|Any CPU
		{66F75922-56BB-417A-B089-3BFF2FC825B8}.Release|x86.ActiveCfg = Release|Any CPU
		{66F75922-56BB-417A-B089-3BFF2FC825B8}.Release|x86.Build.0 = Release|Any CPU
		{6DE15B52-F47B-4A74-A362-0E23844D3B1A}.Debug|Any CPU.ActiveCfg = Debug|Any CPU
		{6DE15B52-F47B-4A74-A362-0E23844D3B1A}.Debug|Any CPU.Build.0 = Debug|Any CPU
		{6DE15B52-F47B-4A74-A362-0E23844D3B1A}.Debug|x64.ActiveCfg = Debug|Any CPU
		{6DE15B52-F47B-4A74-A362-0E23844D3B1A}.Debug|x64.Build.0 = Debug|Any CPU
		{6DE15B52-F47B-4A74-A362-0E23844D3B1A}.Debug|x86.ActiveCfg = Debug|Any CPU
		{6DE15B52-F47B-4A74-A362-0E23844D3B1A}.Debug|x86.Build.0 = Debug|Any CPU
		{6DE15B52-F47B-4A74-A362-0E23844D3B1A}.Release|Any CPU.ActiveCfg = Release|Any CPU
		{6DE15B52-F47B-4A74-A362-0E23844D3B1A}.Release|Any CPU.Build.0 = Release|Any CPU
		{6DE15B52-F47B-4A74-A362-0E23844D3B1A}.Release|x64.ActiveCfg = Release|Any CPU
		{6DE15B52-F47B-4A74-A362-0E23844D3B1A}.Release|x64.Build.0 = Release|Any CPU
		{6DE15B52-F47B-4A74-A362-0E23844D3B1A}.Release|x86.ActiveCfg = Release|Any CPU
		{6DE15B52-F47B-4A74-A362-0E23844D3B1A}.Release|x86.Build.0 = Release|Any CPU
		{891416D2-0080-4997-82DA-AF69C439C95E}.Debug|Any CPU.ActiveCfg = Debug|Any CPU
		{891416D2-0080-4997-82DA-AF69C439C95E}.Debug|Any CPU.Build.0 = Debug|Any CPU
		{891416D2-0080-4997-82DA-AF69C439C95E}.Debug|x64.ActiveCfg = Debug|Any CPU
		{891416D2-0080-4997-82DA-AF69C439C95E}.Debug|x64.Build.0 = Debug|Any CPU
		{891416D2-0080-4997-82DA-AF69C439C95E}.Debug|x86.ActiveCfg = Debug|Any CPU
		{891416D2-0080-4997-82DA-AF69C439C95E}.Debug|x86.Build.0 = Debug|Any CPU
		{891416D2-0080-4997-82DA-AF69C439C95E}.Release|Any CPU.ActiveCfg = Release|Any CPU
		{891416D2-0080-4997-82DA-AF69C439C95E}.Release|Any CPU.Build.0 = Release|Any CPU
		{891416D2-0080-4997-82DA-AF69C439C95E}.Release|x64.ActiveCfg = Release|Any CPU
		{891416D2-0080-4997-82DA-AF69C439C95E}.Release|x64.Build.0 = Release|Any CPU
		{891416D2-0080-4997-82DA-AF69C439C95E}.Release|x86.ActiveCfg = Release|Any CPU
		{891416D2-0080-4997-82DA-AF69C439C95E}.Release|x86.Build.0 = Release|Any CPU
	EndGlobalSection
	GlobalSection(SolutionProperties) = preSolution
		HideSolutionNode = FALSE
	EndGlobalSection
	GlobalSection(NestedProjects) = preSolution
		{984BB9B3-3FA3-BE33-9484-CAC21695A33C} = {827E0CD3-B72D-47B6-A68D-7590B98EB39B}
		{CF53C8D1-A460-EA07-7740-4167009C2A6B} = {984BB9B3-3FA3-BE33-9484-CAC21695A33C}
		{56A23D9E-AC11-4058-963A-9FE84DE48861} = {CF53C8D1-A460-EA07-7740-4167009C2A6B}
		{3D2758AA-C439-4089-ABFC-BA79CC920A65} = {CF53C8D1-A460-EA07-7740-4167009C2A6B}
		{F835F54B-9D1B-4BAD-96E3-E79EE8446632} = {CF53C8D1-A460-EA07-7740-4167009C2A6B}
		{E23F6E42-2B04-46FE-927A-92A3DFC5C010} = {CF53C8D1-A460-EA07-7740-4167009C2A6B}
		{46105351-5C13-4122-A587-2D58636D564E} = {CF53C8D1-A460-EA07-7740-4167009C2A6B}
		{D395F793-0F1F-4A31-AD51-FC9756874266} = {CF53C8D1-A460-EA07-7740-4167009C2A6B}
		{B6CF0AA4-3F2F-48FB-BE0C-92C27EF24999} = {CF53C8D1-A460-EA07-7740-4167009C2A6B}
		{57D04E85-4742-43AF-88F7-6182CCB707CC} = {CF53C8D1-A460-EA07-7740-4167009C2A6B}
		{81236559-06B3-4419-8A96-CF448ECE2178} = {CF53C8D1-A460-EA07-7740-4167009C2A6B}
		{E30AD285-9B53-4277-9B2C-FADD61C0A5AF} = {CF53C8D1-A460-EA07-7740-4167009C2A6B}
		{3FE24004-64E8-4158-BD35-C3D20CA34C09} = {CF53C8D1-A460-EA07-7740-4167009C2A6B}
		{74E9A392-5B6F-4E22-8BBF-874EC320A353} = {CF53C8D1-A460-EA07-7740-4167009C2A6B}
		{788BC1D6-F875-4752-91D4-673B77FF1501} = {CF53C8D1-A460-EA07-7740-4167009C2A6B}
		{A8D2E357-1988-4BF0-BD87-2E960A15F592} = {CF53C8D1-A460-EA07-7740-4167009C2A6B}
		{6AC896DD-691F-4583-89C8-F08A3AEA65FC} = {CF53C8D1-A460-EA07-7740-4167009C2A6B}
		{CB7F7262-273F-48AC-9850-801E113C98C4} = {CF53C8D1-A460-EA07-7740-4167009C2A6B}
		{65FF3ED1-9A6D-4DA4-B002-54CD90B04C72} = {CF53C8D1-A460-EA07-7740-4167009C2A6B}
		{115DF1DE-62B5-481C-943B-4D58255E266B} = {CF53C8D1-A460-EA07-7740-4167009C2A6B}
		{39B694BA-1143-4649-850D-F9426BBC7E18} = {CF53C8D1-A460-EA07-7740-4167009C2A6B}
		{5D619A9E-9726-4282-9838-A4AF74F8BB97} = {CF53C8D1-A460-EA07-7740-4167009C2A6B}
		{66F75922-56BB-417A-B089-3BFF2FC825B8} = {CF53C8D1-A460-EA07-7740-4167009C2A6B}
		{6DE15B52-F47B-4A74-A362-0E23844D3B1A} = {CF53C8D1-A460-EA07-7740-4167009C2A6B}
		{891416D2-0080-4997-82DA-AF69C439C95E} = {CF53C8D1-A460-EA07-7740-4167009C2A6B}
	EndGlobalSection
EndGlobal
